
Microsoft Visual Studio Solution File, Format Version 12.00
# Visual Studio Version 17
VisualStudioVersion = 17.3.32901.215
MinimumVisualStudioVersion = 10.0.40219.1
Project("{FAE04EC0-301F-11D3-BF4B-00C04F79EFBC}") = "Ground_Control", "Ground_Control\Ground_Control.csproj", "{4EEA2C4F-605F-4C1E-B1FD-87E44D25E88C}"
EndProject
Global
	GlobalSection(SolutionConfigurationPlatforms) = preSolution
		Debug|Any CPU = Debug|Any CPU
		Release|Any CPU = Release|Any CPU
	EndGlobalSection
	GlobalSection(ProjectConfigurationPlatforms) = postSolution
		{4EEA2C4F-605F-4C1E-B1FD-87E44D25E88C}.Debug|Any CPU.ActiveCfg = Debug|Any CPU
		{4EEA2C4F-605F-4C1E-B1FD-87E44D25E88C}.Debug|Any CPU.Build.0 = Debug|Any CPU
		{4EEA2C4F-605F-4C1E-B1FD-87E44D25E88C}.Release|Any CPU.ActiveCfg = Release|Any CPU
		{4EEA2C4F-605F-4C1E-B1FD-87E44D25E88C}.Release|Any CPU.Build.0 = Release|Any CPU
	EndGlobalSection
	GlobalSection(SolutionProperties) = preSolution
		HideSolutionNode = FALSE
	EndGlobalSection
	GlobalSection(ExtensibilityGlobals) = postSolution
		SolutionGuid = {42DD0F8E-E2BA-4B43-874E-EE63E0081C82}
	EndGlobalSection
EndGlobal
